{
  "name": "safeguid",
  "version": "1.0.0",
  "lockfileVersion": 1,
  "requires": true,
  "dependencies": {
    "guid-typescript": {
      "version": "1.0.9",
      "resolved": "https://registry.npmjs.org/guid-typescript/-/guid-typescript-1.0.9.tgz",
      "integrity": "sha1-4193ADU1sCl+oIVI9azmrbFIDdw=",
      "dev": true
    },
    "typescript-guid": {
      "version": "1.0.3",
      "resolved": "https://registry.npmjs.org/typescript-guid/-/typescript-guid-1.0.3.tgz",
      "integrity": "sha1-0Cc05An2a8T9OoCu4qjFkA1s4+k="
    }
  }
}
